
Microsoft Visual Studio Solution File, Format Version 12.00
# Visual Studio Version 17
VisualStudioVersion = 17.2.32526.322
MinimumVisualStudioVersion = 10.0.40219.1
Project("{FAE04EC0-301F-11D3-BF4B-00C04F79EFBC}") = "WholesaleMarketHall.Web", "WholesaleMarketHall.Web\WholesaleMarketHall.Web.csproj", "{21F34E15-DBAB-4C17-8CDF-D576DE7D05A4}"
EndProject
Global
	GlobalSection(SolutionConfigurationPlatforms) = preSolution
		Debug|Any CPU = Debug|Any CPU
		Release|Any CPU = Release|Any CPU
	EndGlobalSection
	GlobalSection(ProjectConfigurationPlatforms) = postSolution
		{21F34E15-DBAB-4C17-8CDF-D576DE7D05A4}.Debug|Any CPU.ActiveCfg = Debug|Any CPU
		{21F34E15-DBAB-4C17-8CDF-D576DE7D05A4}.Debug|Any CPU.Build.0 = Debug|Any CPU
		{21F34E15-DBAB-4C17-8CDF-D576DE7D05A4}.Release|Any CPU.ActiveCfg = Release|Any CPU
		{21F34E15-DBAB-4C17-8CDF-D576DE7D05A4}.Release|Any CPU.Build.0 = Release|Any CPU
	EndGlobalSection
	GlobalSection(SolutionProperties) = preSolution
		HideSolutionNode = FALSE
	EndGlobalSection
	GlobalSection(ExtensibilityGlobals) = postSolution
		SolutionGuid = {B05A8ED0-C960-4875-AA4A-FC0E93E31223}
	EndGlobalSection
EndGlobal
